
Microsoft Visual Studio Solution File, Format Version 12.00
# Visual Studio Version 16
VisualStudioVersion = 16.0.30503.244
MinimumVisualStudioVersion = 10.0.40219.1
Project("{8BC9CEB8-8B4A-11D0-8D11-00A0C91BC942}") = "FruitSalad", "FruitSalad.vcxproj", "{DC8948AA-5DC0-4738-BAC6-D36C5997EAD9}"
EndProject
Global
	GlobalSection(SolutionConfigurationPlatforms) = preSolution
		Debug|x64 = Debug|x64
		Debug|x86 = Debug|x86
		Release|x64 = Release|x64
		Release|x86 = Release|x86
	EndGlobalSection
	GlobalSection(ProjectConfigurationPlatforms) = postSolution
		{DC8948AA-5DC0-4738-BAC6-D36C5997EAD9}.Debug|x64.ActiveCfg = Debug|x64
		{DC8948AA-5DC0-4738-BAC6-D36C5997EAD9}.Debug|x64.Build.0 = Debug|x64
		{DC8948AA-5DC0-4738-BAC6-D36C5997EAD9}.Debug|x86.ActiveCfg = Debug|Win32
		{DC8948AA-5DC0-4738-BAC6-D36C5997EAD9}.Debug|x86.Build.0 = Debug|Win32
		{DC8948AA-5DC0-4738-BAC6-D36C5997EAD9}.Release|x64.ActiveCfg = Release|x64
		{DC8948AA-5DC0-4738-BAC6-D36C5997EAD9}.Release|x64.Build.0 = Release|x64
		{DC8948AA-5DC0-4738-BAC6-D36C5997EAD9}.Release|x86.ActiveCfg = Release|Win32
		{DC8948AA-5DC0-4738-BAC6-D36C5997EAD9}.Release|x86.Build.0 = Release|Win32
	EndGlobalSection
	GlobalSection(SolutionProperties) = preSolution
		HideSolutionNode = FALSE
	EndGlobalSection
	GlobalSection(ExtensibilityGlobals) = postSolution
		SolutionGuid = {EAF277AD-94CC-48ED-BDB5-C9CCDDD8066F}
	EndGlobalSection
EndGlobal
